
Microsoft Visual Studio Solution File, Format Version 12.00
# Visual Studio Version 17
VisualStudioVersion = 17.1.31911.260
MinimumVisualStudioVersion = 10.0.40219.1
Project("{9A19103F-16F7-4668-BE54-9A1E7A4F7556}") = "Auth.ClientLayer", "Auth.ClientLayer\Auth.ClientLayer.csproj", "{1D83C3B0-1566-485F-AB63-C3FF918A1CAC}"
EndProject
Project("{FAE04EC0-301F-11D3-BF4B-00C04F79EFBC}") = "Auth.LogicLayer", "Auth.LogicLayer\Auth.LogicLayer.csproj", "{D3349295-4DE1-4B89-8F9E-A755FC89CC08}"
EndProject
Project("{FAE04EC0-301F-11D3-BF4B-00C04F79EFBC}") = "Auth.DataAccessLayer", "Auth.DataAccessLayer\Auth.DataAccessLayer.csproj", "{A48B9E68-67CA-4CB7-88C4-57D231CBC9FB}"
EndProject
Global
	GlobalSection(SolutionConfigurationPlatforms) = preSolution
		Debug|Any CPU = Debug|Any CPU
		Release|Any CPU = Release|Any CPU
	EndGlobalSection
	GlobalSection(ProjectConfigurationPlatforms) = postSolution
		{1D83C3B0-1566-485F-AB63-C3FF918A1CAC}.Debug|Any CPU.ActiveCfg = Debug|Any CPU
		{1D83C3B0-1566-485F-AB63-C3FF918A1CAC}.Debug|Any CPU.Build.0 = Debug|Any CPU
		{1D83C3B0-1566-485F-AB63-C3FF918A1CAC}.Release|Any CPU.ActiveCfg = Release|Any CPU
		{1D83C3B0-1566-485F-AB63-C3FF918A1CAC}.Release|Any CPU.Build.0 = Release|Any CPU
		{D3349295-4DE1-4B89-8F9E-A755FC89CC08}.Debug|Any CPU.ActiveCfg = Debug|Any CPU
		{D3349295-4DE1-4B89-8F9E-A755FC89CC08}.Debug|Any CPU.Build.0 = Debug|Any CPU
		{D3349295-4DE1-4B89-8F9E-A755FC89CC08}.Release|Any CPU.ActiveCfg = Release|Any CPU
		{D3349295-4DE1-4B89-8F9E-A755FC89CC08}.Release|Any CPU.Build.0 = Release|Any CPU
		{A48B9E68-67CA-4CB7-88C4-57D231CBC9FB}.Debug|Any CPU.ActiveCfg = Debug|Any CPU
		{A48B9E68-67CA-4CB7-88C4-57D231CBC9FB}.Debug|Any CPU.Build.0 = Debug|Any CPU
		{A48B9E68-67CA-4CB7-88C4-57D231CBC9FB}.Release|Any CPU.ActiveCfg = Release|Any CPU
		{A48B9E68-67CA-4CB7-88C4-57D231CBC9FB}.Release|Any CPU.Build.0 = Release|Any CPU
	EndGlobalSection
	GlobalSection(SolutionProperties) = preSolution
		HideSolutionNode = FALSE
	EndGlobalSection
	GlobalSection(ExtensibilityGlobals) = postSolution
		SolutionGuid = {1083C832-480E-4BB6-804F-355B6E42ED81}
	EndGlobalSection
EndGlobal
